
Microsoft Visual Studio Solution File, Format Version 12.00
# Visual Studio 15
VisualStudioVersion = 15.0.28307.572
MinimumVisualStudioVersion = 10.0.40219.1
Project("{FAE04EC0-301F-11D3-BF4B-00C04F79EFBC}") = "POCUsingRepo", "POCUsingRepo\POCUsingRepo.csproj", "{9DC02A93-39C3-41D2-AA08-2CA7B217BAFC}"
EndProject
Global
	GlobalSection(SolutionConfigurationPlatforms) = preSolution
		Debug|Any CPU = Debug|Any CPU
		Release|Any CPU = Release|Any CPU
	EndGlobalSection
	GlobalSection(ProjectConfigurationPlatforms) = postSolution
		{9DC02A93-39C3-41D2-AA08-2CA7B217BAFC}.Debug|Any CPU.ActiveCfg = Debug|Any CPU
		{9DC02A93-39C3-41D2-AA08-2CA7B217BAFC}.Debug|Any CPU.Build.0 = Debug|Any CPU
		{9DC02A93-39C3-41D2-AA08-2CA7B217BAFC}.Release|Any CPU.ActiveCfg = Release|Any CPU
		{9DC02A93-39C3-41D2-AA08-2CA7B217BAFC}.Release|Any CPU.Build.0 = Release|Any CPU
	EndGlobalSection
	GlobalSection(SolutionProperties) = preSolution
		HideSolutionNode = FALSE
	EndGlobalSection
	GlobalSection(ExtensibilityGlobals) = postSolution
		SolutionGuid = {BEE82745-6B94-4FFD-8296-684AB29FD352}
	EndGlobalSection
EndGlobal
